// !$*UTF8*$!
{
	archiveVersion = 1;
	classes = {
	};
	objectVersion = 55;
	objects = {

/* Begin PBXBuildFile section */
		114377082820B8E500E65469 /* 6.jpg in Resources */ = {isa = PBXBuildFile; fileRef = 114377042820B8E500E65469 /* 6.jpg */; };
		114377092820B8E500E65469 /* 4.jpg in Resources */ = {isa = PBXBuildFile; fileRef = 114377052820B8E500E65469 /* 4.jpg */; };
		1143770A2820B8E500E65469 /* 5.jpg in Resources */ = {isa = PBXBuildFile; fileRef = 114377062820B8E500E65469 /* 5.jpg */; };
		1143770B2820B8E500E65469 /* icon.png in Resources */ = {isa = PBXBuildFile; fileRef = 114377072820B8E500E65469 /* icon.png */; };
		116A8AB72828D1B900398F88 /* Luftwithsoundandeasteregg.rcproject in Sources */ = {isa = PBXBuildFile; fileRef = 116A8AB62828D1B900398F88 /* Luftwithsoundandeasteregg.rcproject */; };
		1171F2C32818374100159C39 /* Luftwithsound.rcproject in Sources */ = {isa = PBXBuildFile; fileRef = 1171F2C22818374100159C39 /* Luftwithsound.rcproject */; };
		11AAE0EF28062B7D00DAEF71 /* AppDelegate.swift in Sources */ = {isa = PBXBuildFile; fileRef = 11AAE0EE28062B7D00DAEF71 /* AppDelegate.swift */; };
		11AAE0F128062B7D00DAEF71 /* ContentView.swift in Sources */ = {isa = PBXBuildFile; fileRef = 11AAE0F028062B7D00DAEF71 /* ContentView.swift */; };
		11AAE0F528062B7F00DAEF71 /* Assets.xcassets in Resources */ = {isa = PBXBuildFile; fileRef = 11AAE0F428062B7F00DAEF71 /* Assets.xcassets */; };
		11AAE0F828062B7F00DAEF71 /* Preview Assets.xcassets in Resources */ = {isa = PBXBuildFile; fileRef = 11AAE0F728062B7F00DAEF71 /* Preview Assets.xcassets */; };
		11C3DEBA282732BA00AD012E /* SDWebImage in Frameworks */ = {isa = PBXBuildFile; productRef = 11C3DEB9282732BA00AD012E /* SDWebImage */; };
		11C3DEBE2827335900AD012E /* AnimatedLogo.gif in Resources */ = {isa = PBXBuildFile; fileRef = 11C3DEBD2827335900AD012E /* AnimatedLogo.gif */; };
		11C3DEC12827347900AD012E /* SDWebImageSwiftUI in Frameworks */ = {isa = PBXBuildFile; productRef = 11C3DEC02827347900AD012E /* SDWebImageSwiftUI */; };
/* End PBXBuildFile section */

/* Begin PBXFileReference section */
		114377042820B8E500E65469 /* 6.jpg */ = {isa = PBXFileReference; lastKnownFileType = image.jpeg; path = 6.jpg; sourceTree = "<group>"; };
		114377052820B8E500E65469 /* 4.jpg */ = {isa = PBXFileReference; lastKnownFileType = image.jpeg; path = 4.jpg; sourceTree = "<group>"; };
		114377062820B8E500E65469 /* 5.jpg */ = {isa = PBXFileReference; lastKnownFileType = image.jpeg; path = 5.jpg; sourceTree = "<group>"; };
		114377072820B8E500E65469 /* icon.png */ = {isa = PBXFileReference; lastKnownFileType = image.png; path = icon.png; sourceTree = "<group>"; };
		116A8AB62828D1B900398F88 /* Luftwithsoundandeasteregg.rcproject */ = {isa = PBXFileReference; lastKnownFileType = file.rcproject; path = Luftwithsoundandeasteregg.rcproject; sourceTree = "<group>"; };
		1171F2C22818374100159C39 /* Luftwithsound.rcproject */ = {isa = PBXFileReference; lastKnownFileType = file.rcproject; path = Luftwithsound.rcproject; sourceTree = "<group>"; };
		11AAE0EB28062B7D00DAEF71 /* FinalPro.app */ = {isa = PBXFileReference; explicitFileType = wrapper.application; includeInIndex = 0; path = FinalPro.app; sourceTree = BUILT_PRODUCTS_DIR; };
		11AAE0EE28062B7D00DAEF71 /* AppDelegate.swift */ = {isa = PBXFileReference; lastKnownFileType = sourcecode.swift; path = AppDelegate.swift; sourceTree = "<group>"; };
		11AAE0F028062B7D00DAEF71 /* ContentView.swift */ = {isa = PBXFileReference; lastKnownFileType = sourcecode.swift; path = ContentView.swift; sourceTree = "<group>"; };
		11AAE0F428062B7F00DAEF71 /* Assets.xcassets */ = {isa = PBXFileReference; lastKnownFileType = folder.assetcatalog; path = Assets.xcassets; sourceTree = "<group>"; };
		11AAE0F728062B7F00DAEF71 /* Preview Assets.xcassets */ = {isa = PBXFileReference; lastKnownFileType = folder.assetcatalog; path = "Preview Assets.xcassets"; sourceTree = "<group>"; };
		11C3DEBD2827335900AD012E /* AnimatedLogo.gif */ = {isa = PBXFileReference; lastKnownFileType = image.gif; path = AnimatedLogo.gif; sourceTree = "<group>"; };
		11EA170028066EE600F9F6C7 /* Info.plist */ = {isa = PBXFileReference; lastKnownFileType = text.plist; path = Info.plist; sourceTree = "<group>"; };
/* End PBXFileReference section */

/* Begin PBXFrameworksBuildPhase section */
		11AAE0E828062B7D00DAEF71 /* Frameworks */ = {
			isa = PBXFrameworksBuildPhase;
			buildActionMask = 2147483647;
			files = (
				11C3DEC12827347900AD012E /* SDWebImageSwiftUI in Frameworks */,
				11C3DEBA282732BA00AD012E /* SDWebImage in Frameworks */,
			);
			runOnlyForDeploymentPostprocessing = 0;
		};
/* End PBXFrameworksBuildPhase section */

/* Begin PBXGroup section */
		11AAE0E228062B7D00DAEF71 = {
			isa = PBXGroup;
			children = (
				11AAE0ED28062B7D00DAEF71 /* FinalPro */,
				11AAE0EC28062B7D00DAEF71 /* Products */,
				11C3DEB5282732AA00AD012E /* Frameworks */,
			);
			sourceTree = "<group>";
		};
		11AAE0EC28062B7D00DAEF71 /* Products */ = {
			isa = PBXGroup;
			children = (
				11AAE0EB28062B7D00DAEF71 /* FinalPro.app */,
			);
			name = Products;
			sourceTree = "<group>";
		};
		11AAE0ED28062B7D00DAEF71 /* FinalPro */ = {
			isa = PBXGroup;
			children = (
				116A8AB62828D1B900398F88 /* Luftwithsoundandeasteregg.rcproject */,
				114377052820B8E500E65469 /* 4.jpg */,
				11C3DEBD2827335900AD012E /* AnimatedLogo.gif */,
				114377062820B8E500E65469 /* 5.jpg */,
				114377042820B8E500E65469 /* 6.jpg */,
				114377072820B8E500E65469 /* icon.png */,
				11EA170028066EE600F9F6C7 /* Info.plist */,
				1171F2C22818374100159C39 /* Luftwithsound.rcproject */,
				11AAE0EE28062B7D00DAEF71 /* AppDelegate.swift */,
				11AAE0F028062B7D00DAEF71 /* ContentView.swift */,
				11AAE0F428062B7F00DAEF71 /* Assets.xcassets */,
				11AAE0F628062B7F00DAEF71 /* Preview Content */,
			);
			path = FinalPro;
			sourceTree = "<group>";
		};
		11AAE0F628062B7F00DAEF71 /* Preview Content */ = {
			isa = PBXGroup;
			children = (
				11AAE0F728062B7F00DAEF71 /* Preview Assets.xcassets */,
			);
			path = "Preview Content";
			sourceTree = "<group>";
		};
		11C3DEB5282732AA00AD012E /* Frameworks */ = {
			isa = PBXGroup;
			children = (
			);
			name = Frameworks;
			sourceTree = "<group>";
		};
/* End PBXGroup section */

/* Begin PBXNativeTarget section */
		11AAE0EA28062B7D00DAEF71 /* FinalPro */ = {
			isa = PBXNativeTarget;
			buildConfigurationList = 11AAE0FB28062B7F00DAEF71 /* Build configuration list for PBXNativeTarget "FinalPro" */;
			buildPhases = (
				11AAE0E728062B7D00DAEF71 /* Sources */,
				11AAE0E828062B7D00DAEF71 /* Frameworks */,
				11AAE0E928062B7D00DAEF71 /* Resources */,
			);
			buildRules = (
			);
			dependencies = (
			);
			name = FinalPro;
			packageProductDependencies = (
				11C3DEB9282732BA00AD012E /* SDWebImage */,
				11C3DEC02827347900AD012E /* SDWebImageSwiftUI */,
			);
			productName = FinalPro;
			productReference = 11AAE0EB28062B7D00DAEF71 /* FinalPro.app */;
			productType = "com.apple.product-type.application";
		};
/* End PBXNativeTarget section */

/* Begin PBXProject section */
		11AAE0E328062B7D00DAEF71 /* Project object */ = {
			isa = PBXProject;
			attributes = {
				BuildIndependentTargetsInParallel = 1;
				LastSwiftUpdateCheck = 1300;
				LastUpgradeCheck = 1300;
				TargetAttributes = {
					11AAE0EA28062B7D00DAEF71 = {
						CreatedOnToolsVersion = 13.0;
					};
				};
			};
			buildConfigurationList = 11AAE0E628062B7D00DAEF71 /* Build configuration list for PBXProject "FinalPro" */;
			compatibilityVersion = "Xcode 13.0";
			developmentRegion = en;
			hasScannedForEncodings = 0;
			knownRegions = (
				en,
				Base,
			);
			mainGroup = 11AAE0E228062B7D00DAEF71;
			packageReferences = (
				11C3DEB8282732BA00AD012E /* XCRemoteSwiftPackageReference "SDWebImage" */,
				11C3DEBF2827347900AD012E /* XCRemoteSwiftPackageReference "SDWebImageSwiftUI" */,
			);
			productRefGroup = 11AAE0EC28062B7D00DAEF71 /* Products */;
			projectDirPath = "";
			projectRoot = "";
			targets = (
				11AAE0EA28062B7D00DAEF71 /* FinalPro */,
			);
		};
/* End PBXProject section */

/* Begin PBXResourcesBuildPhase section */
		11AAE0E928062B7D00DAEF71 /* Resources */ = {
			isa = PBXResourcesBuildPhase;
			buildActionMask = 2147483647;
			files = (
				114377092820B8E500E65469 /* 4.jpg in Resources */,
				1143770A2820B8E500E65469 /* 5.jpg in Resources */,
				1143770B2820B8E500E65469 /* icon.png in Resources */,
				114377082820B8E500E65469 /* 6.jpg in Resources */,
				11AAE0F828062B7F00DAEF71 /* Preview Assets.xcassets in Resources */,
				11C3DEBE2827335900AD012E /* AnimatedLogo.gif in Resources */,
				11AAE0F528062B7F00DAEF71 /* Assets.xcassets in Resources */,
			);
			runOnlyForDeploymentPostprocessing = 0;
		};
/* End PBXResourcesBuildPhase section */

/* Begin PBXSourcesBuildPhase section */
		11AAE0E728062B7D00DAEF71 /* Sources */ = {
			isa = PBXSourcesBuildPhase;
			buildActionMask = 2147483647;
			files = (
				11AAE0F128062B7D00DAEF71 /* ContentView.swift in Sources */,
				11AAE0EF28062B7D00DAEF71 /* AppDelegate.swift in Sources */,
				1171F2C32818374100159C39 /* Luftwithsound.rcproject in Sources */,
				116A8AB72828D1B900398F88 /* Luftwithsoundandeasteregg.rcproject in Sources */,
			);
			runOnlyForDeploymentPostprocessing = 0;
		};
/* End PBXSourcesBuildPhase section */

/* Begin XCBuildConfiguration section */
		11AAE0F928062B7F00DAEF71 /* Debug */ = {
			isa = XCBuildConfiguration;
			buildSettings = {
				ALWAYS_SEARCH_USER_PATHS = NO;
				CLANG_ANALYZER_NONNULL = YES;
				CLANG_ANALYZER_NUMBER_OBJECT_CONVERSION = YES_AGGRESSIVE;
				CLANG_CXX_LANGUAGE_STANDARD = "gnu++17";
				CLANG_CXX_LIBRARY = "libc++";
				CLANG_ENABLE_MODULES = YES;
				CLANG_ENABLE_OBJC_ARC = YES;
				CLANG_ENABLE_OBJC_WEAK = YES;
				CLANG_WARN_BLOCK_CAPTURE_AUTORELEASING = YES;
				CLANG_WARN_BOOL_CONVERSION = YES;
				CLANG_WARN_COMMA = YES;
				CLANG_WARN_CONSTANT_CONVERSION = YES;
				CLANG_WARN_DEPRECATED_OBJC_IMPLEMENTATIONS = YES;
				CLANG_WARN_DIRECT_OBJC_ISA_USAGE = YES_ERROR;
				CLANG_WARN_DOCUMENTATION_COMMENTS = YES;
				CLANG_WARN_EMPTY_BODY = YES;
				CLANG_WARN_ENUM_CONVERSION = YES;
				CLANG_WARN_INFINITE_RECURSION = YES;
				CLANG_WARN_INT_CONVERSION = YES;
				CLANG_WARN_NON_LITERAL_NULL_CONVERSION = YES;
				CLANG_WARN_OBJC_IMPLICIT_RETAIN_SELF = YES;
				CLANG_WARN_OBJC_LITERAL_CONVERSION = YES;
				CLANG_WARN_OBJC_ROOT_CLASS = YES_ERROR;
				CLANG_WARN_QUOTED_INCLUDE_IN_FRAMEWORK_HEADER = YES;
				CLANG_WARN_RANGE_LOOP_ANALYSIS = YES;
				CLANG_WARN_STRICT_PROTOTYPES = YES;
				CLANG_WARN_SUSPICIOUS_MOVE = YES;
				CLANG_WARN_UNGUARDED_AVAILABILITY = YES_AGGRESSIVE;
				CLANG_WARN_UNREACHABLE_CODE = YES;
				CLANG_WARN__DUPLICATE_METHOD_MATCH = YES;
				COPY_PHASE_STRIP = NO;
				DEBUG_INFORMATION_FORMAT = dwarf;
				ENABLE_STRICT_OBJC_MSGSEND = YES;
				ENABLE_TESTABILITY = YES;
				GCC_C_LANGUAGE_STANDARD = gnu11;
				GCC_DYNAMIC_NO_PIC = NO;
				GCC_NO_COMMON_BLOCKS = YES;
				GCC_OPTIMIZATION_LEVEL = 0;
				GCC_PREPROCESSOR_DEFINITIONS = (
					"DEBUG=1",
					"$(inherited)",
				);
				GCC_WARN_64_TO_32_BIT_CONVERSION = YES;
				GCC_WARN_ABOUT_RETURN_TYPE = YES_ERROR;
				GCC_WARN_UNDECLARED_SELECTOR = YES;
				GCC_WARN_UNINITIALIZED_AUTOS = YES_AGGRESSIVE;
				GCC_WARN_UNUSED_FUNCTION = YES;
				GCC_WARN_UNUSED_VARIABLE = YES;
				IPHONEOS_DEPLOYMENT_TARGET = 15.0;
				MTL_ENABLE_DEBUG_INFO = INCLUDE_SOURCE;
				MTL_FAST_MATH = YES;
				ONLY_ACTIVE_ARCH = YES;
				SDKROOT = iphoneos;
				SWIFT_ACTIVE_COMPILATION_CONDITIONS = DEBUG;
				SWIFT_OPTIMIZATION_LEVEL = "-Onone";
			};
			name = Debug;
		};
		11AAE0FA28062B7F00DAEF71 /* Release */ = {
			isa = XCBuildConfiguration;
			buildSettings = {
				ALWAYS_SEARCH_USER_PATHS = NO;
				CLANG_ANALYZER_NONNULL = YES;
				CLANG_ANALYZER_NUMBER_OBJECT_CONVERSION = YES_AGGRESSIVE;
				CLANG_CXX_LANGUAGE_STANDARD = "gnu++17";
				CLANG_CXX_LIBRARY = "libc++";
				CLANG_ENABLE_MODULES = YES;
				CLANG_ENABLE_OBJC_ARC = YES;
				CLANG_ENABLE_OBJC_WEAK = YES;
				CLANG_WARN_BLOCK_CAPTURE_AUTORELEASING = YES;
				CLANG_WARN_BOOL_CONVERSION = YES;
				CLANG_WARN_COMMA = YES;
				CLANG_WARN_CONSTANT_CONVERSION = YES;
				CLANG_WARN_DEPRECATED_OBJC_IMPLEMENTATIONS = YES;
				CLANG_WARN_DIRECT_OBJC_ISA_USAGE = YES_ERROR;
				CLANG_WARN_DOCUMENTATION_COMMENTS = YES;
				CLANG_WARN_EMPTY_BODY = YES;
				CLANG_WARN_ENUM_CONVERSION = YES;
				CLANG_WARN_INFINITE_RECURSION = YES;
				CLANG_WARN_INT_CONVERSION = YES;
				CLANG_WARN_NON_LITERAL_NULL_CONVERSION = YES;
				CLANG_WARN_OBJC_IMPLICIT_RETAIN_SELF = YES;
				CLANG_WARN_OBJC_LITERAL_CONVERSION = YES;
				CLANG_WARN_OBJC_ROOT_CLASS = YES_ERROR;
				CLANG_WARN_QUOTED_INCLUDE_IN_FRAMEWORK_HEADER = YES;
				CLANG_WARN_RANGE_LOOP_ANALYSIS = YES;
				CLANG_WARN_STRICT_PROTOTYPES = YES;
				CLANG_WARN_SUSPICIOUS_MOVE = YES;
				CLANG_WARN_UNGUARDED_AVAILABILITY = YES_AGGRESSIVE;
				CLANG_WARN_UNREACHABLE_CODE = YES;
				CLANG_WARN__DUPLICATE_METHOD_MATCH = YES;
				COPY_PHASE_STRIP = NO;
				DEBUG_INFORMATION_FORMAT = "dwarf-with-dsym";
				ENABLE_NS_ASSERTIONS = NO;
				ENABLE_STRICT_OBJC_MSGSEND = YES;
				GCC_C_LANGUAGE_STANDARD = gnu11;
				GCC_NO_COMMON_BLOCKS = YES;
				GCC_WARN_64_TO_32_BIT_CONVERSION = YES;
				GCC_WARN_ABOUT_RETURN_TYPE = YES_ERROR;
				GCC_WARN_UNDECLARED_SELECTOR = YES;
				GCC_WARN_UNINITIALIZED_AUTOS = YES_AGGRESSIVE;
				GCC_WARN_UNUSED_FUNCTION = YES;
				GCC_WARN_UNUSED_VARIABLE = YES;
				IPHONEOS_DEPLOYMENT_TARGET = 15.0;
				MTL_ENABLE_DEBUG_INFO = NO;
				MTL_FAST_MATH = YES;
				SDKROOT = iphoneos;
				SWIFT_COMPILATION_MODE = wholemodule;
				SWIFT_OPTIMIZATION_LEVEL = "-O";
				VALIDATE_PRODUCT = YES;
			};
			name = Release;
		};
		11AAE0FC28062B7F00DAEF71 /* Debug */ = {
			isa = XCBuildConfiguration;
			buildSettings = {
				ASSETCATALOG_COMPILER_APPICON_NAME = AppIcon;
				ASSETCATALOG_COMPILER_GLOBAL_ACCENT_COLOR_NAME = AccentColor;
				ASSETCATALOG_COMPILER_INCLUDE_ALL_APPICON_ASSETS = NO;
				CODE_SIGN_STYLE = Automatic;
				CURRENT_PROJECT_VERSION = 5;
				DEVELOPMENT_ASSET_PATHS = "\"FinalPro/Preview Content\"";
				DEVELOPMENT_TEAM = 3KZKL9H3HQ;
				ENABLE_PREVIEWS = YES;
				GENERATE_INFOPLIST_FILE = YES;
				INFOPLIST_FILE = FinalPro/Info.plist;
				INFOPLIST_KEY_NSCameraUsageDescription = "";
				INFOPLIST_KEY_UIApplicationSupportsIndirectInputEvents = YES;
				INFOPLIST_KEY_UILaunchScreen_Generation = YES;
				INFOPLIST_KEY_UIRequiredDeviceCapabilities = arkit;
				INFOPLIST_KEY_UIStatusBarHidden = YES;
				INFOPLIST_KEY_UISupportedInterfaceOrientations_iPad = "UIInterfaceOrientationPortrait UIInterfaceOrientationPortraitUpsideDown UIInterfaceOrientationLandscapeLeft UIInterfaceOrientationLandscapeRight";
				INFOPLIST_KEY_UISupportedInterfaceOrientations_iPhone = "UIInterfaceOrientationPortrait UIInterfaceOrientationLandscapeLeft UIInterfaceOrientationLandscapeRight";
				IPHONEOS_DEPLOYMENT_TARGET = 14.5;
				LD_RUNPATH_SEARCH_PATHS = (
					"$(inherited)",
					"@executable_path/Frameworks",
				);
				MARKETING_VERSION = 1.0;
				PRODUCT_BUNDLE_IDENTIFIER = com.personal.FinalPro;
				PRODUCT_NAME = "$(TARGET_NAME)";
				SWIFT_EMIT_LOC_STRINGS = YES;
				SWIFT_VERSION = 5.0;
				TARGETED_DEVICE_FAMILY = "1,2";
			};
			name = Debug;
		};
		11AAE0FD28062B7F00DAEF71 /* Release */ = {
			isa = XCBuildConfiguration;
			buildSettings = {
				ASSETCATALOG_COMPILER_APPICON_NAME = AppIcon;
				ASSETCATALOG_COMPILER_GLOBAL_ACCENT_COLOR_NAME = AccentColor;
				ASSETCATALOG_COMPILER_INCLUDE_ALL_APPICON_ASSETS = NO;
				CODE_SIGN_STYLE = Automatic;
				CURRENT_PROJECT_VERSION = 5;
				DEVELOPMENT_ASSET_PATHS = "\"FinalPro/Preview Content\"";
				DEVELOPMENT_TEAM = 3KZKL9H3HQ;
				ENABLE_PREVIEWS = YES;
				GENERATE_INFOPLIST_FILE = YES;
				INFOPLIST_FILE = FinalPro/Info.plist;
				INFOPLIST_KEY_NSCameraUsageDescription = "";
				INFOPLIST_KEY_UIApplicationSupportsIndirectInputEvents = YES;
				INFOPLIST_KEY_UILaunchScreen_Generation = YES;
				INFOPLIST_KEY_UIRequiredDeviceCapabilities = arkit;
				INFOPLIST_KEY_UIStatusBarHidden = YES;
				INFOPLIST_KEY_UISupportedInterfaceOrientations_iPad = "UIInterfaceOrientationPortrait UIInterfaceOrientationPortraitUpsideDown UIInterfaceOrientationLandscapeLeft UIInterfaceOrientationLandscapeRight";
				INFOPLIST_KEY_UISupportedInterfaceOrientations_iPhone = "UIInterfaceOrientationPortrait UIInterfaceOrientationLandscapeLeft UIInterfaceOrientationLandscapeRight";
				IPHONEOS_DEPLOYMENT_TARGET = 14.5;
				LD_RUNPATH_SEARCH_PATHS = (
					"$(inherited)",
					"@executable_path/Frameworks",
				);
				MARKETING_VERSION = 1.0;
				PRODUCT_BUNDLE_IDENTIFIER = com.personal.FinalPro;
				PRODUCT_NAME = "$(TARGET_NAME)";
				SWIFT_EMIT_LOC_STRINGS = YES;
				SWIFT_VERSION = 5.0;
				TARGETED_DEVICE_FAMILY = "1,2";
			};
			name = Release;
		};
/* End XCBuildConfiguration section */

/* Begin XCConfigurationList section */
		11AAE0E628062B7D00DAEF71 /* Build configuration list for PBXProject "FinalPro" */ = {
			isa = XCConfigurationList;
			buildConfigurations = (
				11AAE0F928062B7F00DAEF71 /* Debug */,
				11AAE0FA28062B7F00DAEF71 /* Release */,
			);
			defaultConfigurationIsVisible = 0;
			defaultConfigurationName = Release;
		};
		11AAE0FB28062B7F00DAEF71 /* Build configuration list for PBXNativeTarget "FinalPro" */ = {
			isa = XCConfigurationList;
			buildConfigurations = (
				11AAE0FC28062B7F00DAEF71 /* Debug */,
				11AAE0FD28062B7F00DAEF71 /* Release */,
			);
			defaultConfigurationIsVisible = 0;
			defaultConfigurationName = Release;
		};
/* End XCConfigurationList section */

/* Begin XCRemoteSwiftPackageReference section */
		11C3DEB8282732BA00AD012E /* XCRemoteSwiftPackageReference "SDWebImage" */ = {
			isa = XCRemoteSwiftPackageReference;
			repositoryURL = "https://github.com/SDWebImage/SDWebImage.git";
			requirement = {
				kind = upToNextMajorVersion;
				minimumVersion = 5.0.0;
			};
		};
		11C3DEBF2827347900AD012E /* XCRemoteSwiftPackageReference "SDWebImageSwiftUI" */ = {
			isa = XCRemoteSwiftPackageReference;
			repositoryURL = "https://github.com/SDWebImage/SDWebImageSwiftUI.git";
			requirement = {
				kind = upToNextMajorVersion;
				minimumVersion = 2.0.0;
			};
		};
/* End XCRemoteSwiftPackageReference section */

/* Begin XCSwiftPackageProductDependency section */
		11C3DEB9282732BA00AD012E /* SDWebImage */ = {
			isa = XCSwiftPackageProductDependency;
			package = 11C3DEB8282732BA00AD012E /* XCRemoteSwiftPackageReference "SDWebImage" */;
			productName = SDWebImage;
		};
		11C3DEC02827347900AD012E /* SDWebImageSwiftUI */ = {
			isa = XCSwiftPackageProductDependency;
			package = 11C3DEBF2827347900AD012E /* XCRemoteSwiftPackageReference "SDWebImageSwiftUI" */;
			productName = SDWebImageSwiftUI;
		};
/* End XCSwiftPackageProductDependency section */
	};
	rootObject = 11AAE0E328062B7D00DAEF71 /* Project object */;
}
